
Microsoft Visual Studio Solution File, Format Version 12.00
# Visual Studio Version 17
VisualStudioVersion = 17.4.32912.340
MinimumVisualStudioVersion = 10.0.40219.1
Project("{2150E333-8FDC-42A3-9474-1A3956D46DE8}") = "src", "src", "{FFB2DA2B-2E55-4CF1-9040-05A0040FB0CA}"
EndProject
Project("{FAE04EC0-301F-11D3-BF4B-00C04F79EFBC}") = "SortingAlgorithms.Console", "src\SortingAlgorithms.Console\SortingAlgorithms.Console.csproj", "{17929B16-A8CB-4512-B087-618D01DD2C9A}"
EndProject
Project("{2150E333-8FDC-42A3-9474-1A3956D46DE8}") = "tests", "tests", "{ED6FD516-7B57-440D-945A-61B505DC2423}"
EndProject
Project("{FAE04EC0-301F-11D3-BF4B-00C04F79EFBC}") = "SortingAlgorithms.Tests", "tests\SortingAlgorithms.Tests\SortingAlgorithms.Tests.csproj", "{12DB4756-35CE-480D-B809-9D435D098126}"
EndProject
Global
	GlobalSection(SolutionConfigurationPlatforms) = preSolution
		Debug|Any CPU = Debug|Any CPU
		Release|Any CPU = Release|Any CPU
	EndGlobalSection
	GlobalSection(ProjectConfigurationPlatforms) = postSolution
		{17929B16-A8CB-4512-B087-618D01DD2C9A}.Debug|Any CPU.ActiveCfg = Debug|Any CPU
		{17929B16-A8CB-4512-B087-618D01DD2C9A}.Debug|Any CPU.Build.0 = Debug|Any CPU
		{17929B16-A8CB-4512-B087-618D01DD2C9A}.Release|Any CPU.ActiveCfg = Release|Any CPU
		{17929B16-A8CB-4512-B087-618D01DD2C9A}.Release|Any CPU.Build.0 = Release|Any CPU
		{12DB4756-35CE-480D-B809-9D435D098126}.Debug|Any CPU.ActiveCfg = Debug|Any CPU
		{12DB4756-35CE-480D-B809-9D435D098126}.Debug|Any CPU.Build.0 = Debug|Any CPU
		{12DB4756-35CE-480D-B809-9D435D098126}.Release|Any CPU.ActiveCfg = Release|Any CPU
		{12DB4756-35CE-480D-B809-9D435D098126}.Release|Any CPU.Build.0 = Release|Any CPU
	EndGlobalSection
	GlobalSection(SolutionProperties) = preSolution
		HideSolutionNode = FALSE
	EndGlobalSection
	GlobalSection(NestedProjects) = preSolution
		{17929B16-A8CB-4512-B087-618D01DD2C9A} = {FFB2DA2B-2E55-4CF1-9040-05A0040FB0CA}
		{12DB4756-35CE-480D-B809-9D435D098126} = {ED6FD516-7B57-440D-945A-61B505DC2423}
	EndGlobalSection
	GlobalSection(ExtensibilityGlobals) = postSolution
		SolutionGuid = {2B556E69-71C9-480C-8CBD-D474D432F6A5}
	EndGlobalSection
EndGlobal
